
Microsoft Visual Studio Solution File, Format Version 12.00
Project("{2150E333-8FDC-42A3-9474-1A3956D46DE8}") = "Services", "Services", "{79E2022C-3081-46AA-9716-ACC3EB709A5B}"
EndProject
Project("{2150E333-8FDC-42A3-9474-1A3956D46DE8}") = "Account", "Account", "{93A79B8B-6706-410B-B0A0-1CA3D8D816EA}"
EndProject
Project("{2150E333-8FDC-42A3-9474-1A3956D46DE8}") = "Mail", "Mail", "{656C495C-B2E4-4991-BE8C-1F09F99BD149}"
EndProject
Project("{FAE04EC0-301F-11D3-BF4B-00C04F79EFBC}") = "SipayTestCase.Application", "SipayTestCase.Application\SipayTestCase.Application.csproj", "{737CD79D-EAF9-4F5D-9500-E967AAA22787}"
EndProject
Project("{2150E333-8FDC-42A3-9474-1A3956D46DE8}") = "Shared", "Shared", "{A61F7AF5-A443-42EA-949F-30283109D8AF}"
EndProject
Project("{FAE04EC0-301F-11D3-BF4B-00C04F79EFBC}") = "SipayTestCase.Contract", "SipayTestCase.Contract\SipayTestCase.Contract.csproj", "{9459E1BA-6AEA-4295-B37F-C269BC22BA32}"
EndProject
Project("{FAE04EC0-301F-11D3-BF4B-00C04F79EFBC}") = "SipayTestCase.Domain", "SipayTestCase.Domain\SipayTestCase.Domain.csproj", "{3EF91767-6B1B-465E-B263-2C2693BF4F59}"
EndProject
Project("{FAE04EC0-301F-11D3-BF4B-00C04F79EFBC}") = "SipayTestCase.Persistence", "SipayTestCase.Persistence\SipayTestCase.Persistence.csproj", "{7C161359-2E33-4848-AB0A-CA4E87C7157A}"
EndProject
Project("{FAE04EC0-301F-11D3-BF4B-00C04F79EFBC}") = "SipayTestCase.Shared", "SipayTestCase.Shared\SipayTestCase.Shared.csproj", "{D67C0981-363E-4A37-BB2F-2A44DA0851EA}"
EndProject
Project("{FAE04EC0-301F-11D3-BF4B-00C04F79EFBC}") = "SipayTestCase.Api", "SipayTestCase.Api\SipayTestCase.Api.csproj", "{F59FF9BB-20C4-4DE6-B788-415A58F5734F}"
EndProject
Project("{FAE04EC0-301F-11D3-BF4B-00C04F79EFBC}") = "SipayTestCase.Mail", "SipayTestCase.Mail\SipayTestCase.Mail.csproj", "{9D8F4FD2-604A-49F4-8EC0-061EB6F2E915}"
EndProject
Project("{2150E333-8FDC-42A3-9474-1A3956D46DE8}") = "Presentation", "Presentation", "{9D21E816-1BF6-4E0D-90D2-08C3BF76EAE3}"
EndProject
Project("{FAE04EC0-301F-11D3-BF4B-00C04F79EFBC}") = "SipayTestCase.Web", "SipayTestCase.Web\SipayTestCase.Web.csproj", "{7FF9E416-5522-498B-B5FB-74D22BC05515}"
EndProject
Global
	GlobalSection(SolutionConfigurationPlatforms) = preSolution
		Debug|Any CPU = Debug|Any CPU
		Release|Any CPU = Release|Any CPU
	EndGlobalSection
	GlobalSection(NestedProjects) = preSolution
		{93A79B8B-6706-410B-B0A0-1CA3D8D816EA} = {79E2022C-3081-46AA-9716-ACC3EB709A5B}
		{656C495C-B2E4-4991-BE8C-1F09F99BD149} = {79E2022C-3081-46AA-9716-ACC3EB709A5B}
		{737CD79D-EAF9-4F5D-9500-E967AAA22787} = {93A79B8B-6706-410B-B0A0-1CA3D8D816EA}
		{9459E1BA-6AEA-4295-B37F-C269BC22BA32} = {A61F7AF5-A443-42EA-949F-30283109D8AF}
		{3EF91767-6B1B-465E-B263-2C2693BF4F59} = {93A79B8B-6706-410B-B0A0-1CA3D8D816EA}
		{7C161359-2E33-4848-AB0A-CA4E87C7157A} = {93A79B8B-6706-410B-B0A0-1CA3D8D816EA}
		{D67C0981-363E-4A37-BB2F-2A44DA0851EA} = {A61F7AF5-A443-42EA-949F-30283109D8AF}
		{F59FF9BB-20C4-4DE6-B788-415A58F5734F} = {93A79B8B-6706-410B-B0A0-1CA3D8D816EA}
		{9D8F4FD2-604A-49F4-8EC0-061EB6F2E915} = {656C495C-B2E4-4991-BE8C-1F09F99BD149}
		{7FF9E416-5522-498B-B5FB-74D22BC05515} = {9D21E816-1BF6-4E0D-90D2-08C3BF76EAE3}
	EndGlobalSection
	GlobalSection(ProjectConfigurationPlatforms) = postSolution
		{737CD79D-EAF9-4F5D-9500-E967AAA22787}.Debug|Any CPU.ActiveCfg = Debug|Any CPU
		{737CD79D-EAF9-4F5D-9500-E967AAA22787}.Debug|Any CPU.Build.0 = Debug|Any CPU
		{737CD79D-EAF9-4F5D-9500-E967AAA22787}.Release|Any CPU.ActiveCfg = Release|Any CPU
		{737CD79D-EAF9-4F5D-9500-E967AAA22787}.Release|Any CPU.Build.0 = Release|Any CPU
		{9459E1BA-6AEA-4295-B37F-C269BC22BA32}.Debug|Any CPU.ActiveCfg = Debug|Any CPU
		{9459E1BA-6AEA-4295-B37F-C269BC22BA32}.Debug|Any CPU.Build.0 = Debug|Any CPU
		{9459E1BA-6AEA-4295-B37F-C269BC22BA32}.Release|Any CPU.ActiveCfg = Release|Any CPU
		{9459E1BA-6AEA-4295-B37F-C269BC22BA32}.Release|Any CPU.Build.0 = Release|Any CPU
		{3EF91767-6B1B-465E-B263-2C2693BF4F59}.Debug|Any CPU.ActiveCfg = Debug|Any CPU
		{3EF91767-6B1B-465E-B263-2C2693BF4F59}.Debug|Any CPU.Build.0 = Debug|Any CPU
		{3EF91767-6B1B-465E-B263-2C2693BF4F59}.Release|Any CPU.ActiveCfg = Release|Any CPU
		{3EF91767-6B1B-465E-B263-2C2693BF4F59}.Release|Any CPU.Build.0 = Release|Any CPU
		{7C161359-2E33-4848-AB0A-CA4E87C7157A}.Debug|Any CPU.ActiveCfg = Debug|Any CPU
		{7C161359-2E33-4848-AB0A-CA4E87C7157A}.Debug|Any CPU.Build.0 = Debug|Any CPU
		{7C161359-2E33-4848-AB0A-CA4E87C7157A}.Release|Any CPU.ActiveCfg = Release|Any CPU
		{7C161359-2E33-4848-AB0A-CA4E87C7157A}.Release|Any CPU.Build.0 = Release|Any CPU
		{D67C0981-363E-4A37-BB2F-2A44DA0851EA}.Debug|Any CPU.ActiveCfg = Debug|Any CPU
		{D67C0981-363E-4A37-BB2F-2A44DA0851EA}.Debug|Any CPU.Build.0 = Debug|Any CPU
		{D67C0981-363E-4A37-BB2F-2A44DA0851EA}.Release|Any CPU.ActiveCfg = Release|Any CPU
		{D67C0981-363E-4A37-BB2F-2A44DA0851EA}.Release|Any CPU.Build.0 = Release|Any CPU
		{F59FF9BB-20C4-4DE6-B788-415A58F5734F}.Debug|Any CPU.ActiveCfg = Debug|Any CPU
		{F59FF9BB-20C4-4DE6-B788-415A58F5734F}.Debug|Any CPU.Build.0 = Debug|Any CPU
		{F59FF9BB-20C4-4DE6-B788-415A58F5734F}.Release|Any CPU.ActiveCfg = Release|Any CPU
		{F59FF9BB-20C4-4DE6-B788-415A58F5734F}.Release|Any CPU.Build.0 = Release|Any CPU
		{9D8F4FD2-604A-49F4-8EC0-061EB6F2E915}.Debug|Any CPU.ActiveCfg = Debug|Any CPU
		{9D8F4FD2-604A-49F4-8EC0-061EB6F2E915}.Debug|Any CPU.Build.0 = Debug|Any CPU
		{9D8F4FD2-604A-49F4-8EC0-061EB6F2E915}.Release|Any CPU.ActiveCfg = Release|Any CPU
		{9D8F4FD2-604A-49F4-8EC0-061EB6F2E915}.Release|Any CPU.Build.0 = Release|Any CPU
		{7FF9E416-5522-498B-B5FB-74D22BC05515}.Debug|Any CPU.ActiveCfg = Debug|Any CPU
		{7FF9E416-5522-498B-B5FB-74D22BC05515}.Debug|Any CPU.Build.0 = Debug|Any CPU
		{7FF9E416-5522-498B-B5FB-74D22BC05515}.Release|Any CPU.ActiveCfg = Release|Any CPU
		{7FF9E416-5522-498B-B5FB-74D22BC05515}.Release|Any CPU.Build.0 = Release|Any CPU
	EndGlobalSection
EndGlobal
